
Microsoft Visual Studio Solution File, Format Version 12.00
# Visual Studio 15
VisualStudioVersion = 15.0.26124.0
MinimumVisualStudioVersion = 15.0.26124.0
Project("{2150E333-8FDC-42A3-9474-1A3956D46DE8}") = "Server", "Server", "{17E0E28E-12C0-4092-A6AA-3C7977E21495}"
EndProject
Project("{FAE04EC0-301F-11D3-BF4B-00C04F79EFBC}") = "Web", "Server\Web\Web.csproj", "{984DA54F-3CFC-40A5-9438-0576A411B988}"
EndProject
Project("{FAE04EC0-301F-11D3-BF4B-00C04F79EFBC}") = "DataLayer", "Server\DataLayer\DataLayer.csproj", "{DAACA66A-9C5B-43ED-B683-76D29A5216E4}"
EndProject
Project("{FAE04EC0-301F-11D3-BF4B-00C04F79EFBC}") = "BusinessLayer", "Server\BusinessLayer\BusinessLayer.csproj", "{1BFDC9DB-5CE9-40D9-910E-9352E1F706AB}"
EndProject
Project("{2150E333-8FDC-42A3-9474-1A3956D46DE8}") = "Tests", "Tests", "{D93D911B-DCF4-44EA-B46A-53C0459D52F1}"
EndProject
Project("{2150E333-8FDC-42A3-9474-1A3956D46DE8}") = "Unittests", "Unittests", "{7BAD7181-9DE8-4734-B4C2-96DEA237A163}"
EndProject
Project("{2150E333-8FDC-42A3-9474-1A3956D46DE8}") = "Server", "Server", "{665337D5-8023-4C31-B754-2F7C9C1B0A89}"
EndProject
Project("{FAE04EC0-301F-11D3-BF4B-00C04F79EFBC}") = "Web", "Tests\Unittests\Server\Web\Web.csproj", "{A35D1AC2-1C7E-4EE2-99AB-48100834FC16}"
EndProject
Project("{FAE04EC0-301F-11D3-BF4B-00C04F79EFBC}") = "DataLayer", "Tests\Unittests\Server\DataLayer\DataLayer.csproj", "{684A0900-FAA7-4855-827D-A331C4F42D78}"
EndProject
Project("{FAE04EC0-301F-11D3-BF4B-00C04F79EFBC}") = "BusinessLayer", "Tests\Unittests\Server\BusinessLayer\BusinessLayer.csproj", "{ADC7D8B6-A0AD-4A5D-AA93-BAB00315E7A2}"
EndProject
Project("{2150E333-8FDC-42A3-9474-1A3956D46DE8}") = "Client", "Client", "{AAA9AB1F-192A-4BDB-A780-429C51ADDC65}"
EndProject
Project("{FAE04EC0-301F-11D3-BF4B-00C04F79EFBC}") = "Client", "Client\Client\Client.csproj", "{15B547DC-7F2F-4041-AFE6-AB939A26BA43}"
EndProject
Global
	GlobalSection(SolutionConfigurationPlatforms) = preSolution
		Debug|Any CPU = Debug|Any CPU
		Debug|x64 = Debug|x64
		Debug|x86 = Debug|x86
		Release|Any CPU = Release|Any CPU
		Release|x64 = Release|x64
		Release|x86 = Release|x86
	EndGlobalSection
	GlobalSection(SolutionProperties) = preSolution
		HideSolutionNode = FALSE
	EndGlobalSection
	GlobalSection(ProjectConfigurationPlatforms) = postSolution
		{984DA54F-3CFC-40A5-9438-0576A411B988}.Debug|Any CPU.ActiveCfg = Debug|Any CPU
		{984DA54F-3CFC-40A5-9438-0576A411B988}.Debug|Any CPU.Build.0 = Debug|Any CPU
		{984DA54F-3CFC-40A5-9438-0576A411B988}.Debug|x64.ActiveCfg = Debug|Any CPU
		{984DA54F-3CFC-40A5-9438-0576A411B988}.Debug|x64.Build.0 = Debug|Any CPU
		{984DA54F-3CFC-40A5-9438-0576A411B988}.Debug|x86.ActiveCfg = Debug|Any CPU
		{984DA54F-3CFC-40A5-9438-0576A411B988}.Debug|x86.Build.0 = Debug|Any CPU
		{984DA54F-3CFC-40A5-9438-0576A411B988}.Release|Any CPU.ActiveCfg = Release|Any CPU
		{984DA54F-3CFC-40A5-9438-0576A411B988}.Release|Any CPU.Build.0 = Release|Any CPU
		{984DA54F-3CFC-40A5-9438-0576A411B988}.Release|x64.ActiveCfg = Release|Any CPU
		{984DA54F-3CFC-40A5-9438-0576A411B988}.Release|x64.Build.0 = Release|Any CPU
		{984DA54F-3CFC-40A5-9438-0576A411B988}.Release|x86.ActiveCfg = Release|Any CPU
		{984DA54F-3CFC-40A5-9438-0576A411B988}.Release|x86.Build.0 = Release|Any CPU
		{DAACA66A-9C5B-43ED-B683-76D29A5216E4}.Debug|Any CPU.ActiveCfg = Debug|Any CPU
		{DAACA66A-9C5B-43ED-B683-76D29A5216E4}.Debug|Any CPU.Build.0 = Debug|Any CPU
		{DAACA66A-9C5B-43ED-B683-76D29A5216E4}.Debug|x64.ActiveCfg = Debug|Any CPU
		{DAACA66A-9C5B-43ED-B683-76D29A5216E4}.Debug|x64.Build.0 = Debug|Any CPU
		{DAACA66A-9C5B-43ED-B683-76D29A5216E4}.Debug|x86.ActiveCfg = Debug|Any CPU
		{DAACA66A-9C5B-43ED-B683-76D29A5216E4}.Debug|x86.Build.0 = Debug|Any CPU
		{DAACA66A-9C5B-43ED-B683-76D29A5216E4}.Release|Any CPU.ActiveCfg = Release|Any CPU
		{DAACA66A-9C5B-43ED-B683-76D29A5216E4}.Release|Any CPU.Build.0 = Release|Any CPU
		{DAACA66A-9C5B-43ED-B683-76D29A5216E4}.Release|x64.ActiveCfg = Release|Any CPU
		{DAACA66A-9C5B-43ED-B683-76D29A5216E4}.Release|x64.Build.0 = Release|Any CPU
		{DAACA66A-9C5B-43ED-B683-76D29A5216E4}.Release|x86.ActiveCfg = Release|Any CPU
		{DAACA66A-9C5B-43ED-B683-76D29A5216E4}.Release|x86.Build.0 = Release|Any CPU
		{1BFDC9DB-5CE9-40D9-910E-9352E1F706AB}.Debug|Any CPU.ActiveCfg = Debug|Any CPU
		{1BFDC9DB-5CE9-40D9-910E-9352E1F706AB}.Debug|Any CPU.Build.0 = Debug|Any CPU
		{1BFDC9DB-5CE9-40D9-910E-9352E1F706AB}.Debug|x64.ActiveCfg = Debug|Any CPU
		{1BFDC9DB-5CE9-40D9-910E-9352E1F706AB}.Debug|x64.Build.0 = Debug|Any CPU
		{1BFDC9DB-5CE9-40D9-910E-9352E1F706AB}.Debug|x86.ActiveCfg = Debug|Any CPU
		{1BFDC9DB-5CE9-40D9-910E-9352E1F706AB}.Debug|x86.Build.0 = Debug|Any CPU
		{1BFDC9DB-5CE9-40D9-910E-9352E1F706AB}.Release|Any CPU.ActiveCfg = Release|Any CPU
		{1BFDC9DB-5CE9-40D9-910E-9352E1F706AB}.Release|Any CPU.Build.0 = Release|Any CPU
		{1BFDC9DB-5CE9-40D9-910E-9352E1F706AB}.Release|x64.ActiveCfg = Release|Any CPU
		{1BFDC9DB-5CE9-40D9-910E-9352E1F706AB}.Release|x64.Build.0 = Release|Any CPU
		{1BFDC9DB-5CE9-40D9-910E-9352E1F706AB}.Release|x86.ActiveCfg = Release|Any CPU
		{1BFDC9DB-5CE9-40D9-910E-9352E1F706AB}.Release|x86.Build.0 = Release|Any CPU
		{A35D1AC2-1C7E-4EE2-99AB-48100834FC16}.Debug|Any CPU.ActiveCfg = Debug|Any CPU
		{A35D1AC2-1C7E-4EE2-99AB-48100834FC16}.Debug|Any CPU.Build.0 = Debug|Any CPU
		{A35D1AC2-1C7E-4EE2-99AB-48100834FC16}.Debug|x64.ActiveCfg = Debug|Any CPU
		{A35D1AC2-1C7E-4EE2-99AB-48100834FC16}.Debug|x64.Build.0 = Debug|Any CPU
		{A35D1AC2-1C7E-4EE2-99AB-48100834FC16}.Debug|x86.ActiveCfg = Debug|Any CPU
		{A35D1AC2-1C7E-4EE2-99AB-48100834FC16}.Debug|x86.Build.0 = Debug|Any CPU
		{A35D1AC2-1C7E-4EE2-99AB-48100834FC16}.Release|Any CPU.ActiveCfg = Release|Any CPU
		{A35D1AC2-1C7E-4EE2-99AB-48100834FC16}.Release|Any CPU.Build.0 = Release|Any CPU
		{A35D1AC2-1C7E-4EE2-99AB-48100834FC16}.Release|x64.ActiveCfg = Release|Any CPU
		{A35D1AC2-1C7E-4EE2-99AB-48100834FC16}.Release|x64.Build.0 = Release|Any CPU
		{A35D1AC2-1C7E-4EE2-99AB-48100834FC16}.Release|x86.ActiveCfg = Release|Any CPU
		{A35D1AC2-1C7E-4EE2-99AB-48100834FC16}.Release|x86.Build.0 = Release|Any CPU
		{684A0900-FAA7-4855-827D-A331C4F42D78}.Debug|Any CPU.ActiveCfg = Debug|Any CPU
		{684A0900-FAA7-4855-827D-A331C4F42D78}.Debug|Any CPU.Build.0 = Debug|Any CPU
		{684A0900-FAA7-4855-827D-A331C4F42D78}.Debug|x64.ActiveCfg = Debug|Any CPU
		{684A0900-FAA7-4855-827D-A331C4F42D78}.Debug|x64.Build.0 = Debug|Any CPU
		{684A0900-FAA7-4855-827D-A331C4F42D78}.Debug|x86.ActiveCfg = Debug|Any CPU
		{684A0900-FAA7-4855-827D-A331C4F42D78}.Debug|x86.Build.0 = Debug|Any CPU
		{684A0900-FAA7-4855-827D-A331C4F42D78}.Release|Any CPU.ActiveCfg = Release|Any CPU
		{684A0900-FAA7-4855-827D-A331C4F42D78}.Release|Any CPU.Build.0 = Release|Any CPU
		{684A0900-FAA7-4855-827D-A331C4F42D78}.Release|x64.ActiveCfg = Release|Any CPU
		{684A0900-FAA7-4855-827D-A331C4F42D78}.Release|x64.Build.0 = Release|Any CPU
		{684A0900-FAA7-4855-827D-A331C4F42D78}.Release|x86.ActiveCfg = Release|Any CPU
		{684A0900-FAA7-4855-827D-A331C4F42D78}.Release|x86.Build.0 = Release|Any CPU
		{ADC7D8B6-A0AD-4A5D-AA93-BAB00315E7A2}.Debug|Any CPU.ActiveCfg = Debug|Any CPU
		{ADC7D8B6-A0AD-4A5D-AA93-BAB00315E7A2}.Debug|Any CPU.Build.0 = Debug|Any CPU
		{ADC7D8B6-A0AD-4A5D-AA93-BAB00315E7A2}.Debug|x64.ActiveCfg = Debug|Any CPU
		{ADC7D8B6-A0AD-4A5D-AA93-BAB00315E7A2}.Debug|x64.Build.0 = Debug|Any CPU
		{ADC7D8B6-A0AD-4A5D-AA93-BAB00315E7A2}.Debug|x86.ActiveCfg = Debug|Any CPU
		{ADC7D8B6-A0AD-4A5D-AA93-BAB00315E7A2}.Debug|x86.Build.0 = Debug|Any CPU
		{ADC7D8B6-A0AD-4A5D-AA93-BAB00315E7A2}.Release|Any CPU.ActiveCfg = Release|Any CPU
		{ADC7D8B6-A0AD-4A5D-AA93-BAB00315E7A2}.Release|Any CPU.Build.0 = Release|Any CPU
		{ADC7D8B6-A0AD-4A5D-AA93-BAB00315E7A2}.Release|x64.ActiveCfg = Release|Any CPU
		{ADC7D8B6-A0AD-4A5D-AA93-BAB00315E7A2}.Release|x64.Build.0 = Release|Any CPU
		{ADC7D8B6-A0AD-4A5D-AA93-BAB00315E7A2}.Release|x86.ActiveCfg = Release|Any CPU
		{ADC7D8B6-A0AD-4A5D-AA93-BAB00315E7A2}.Release|x86.Build.0 = Release|Any CPU
		{15B547DC-7F2F-4041-AFE6-AB939A26BA43}.Debug|Any CPU.ActiveCfg = Debug|Any CPU
		{15B547DC-7F2F-4041-AFE6-AB939A26BA43}.Debug|Any CPU.Build.0 = Debug|Any CPU
		{15B547DC-7F2F-4041-AFE6-AB939A26BA43}.Debug|x64.ActiveCfg = Debug|Any CPU
		{15B547DC-7F2F-4041-AFE6-AB939A26BA43}.Debug|x64.Build.0 = Debug|Any CPU
		{15B547DC-7F2F-4041-AFE6-AB939A26BA43}.Debug|x86.ActiveCfg = Debug|Any CPU
		{15B547DC-7F2F-4041-AFE6-AB939A26BA43}.Debug|x86.Build.0 = Debug|Any CPU
		{15B547DC-7F2F-4041-AFE6-AB939A26BA43}.Release|Any CPU.ActiveCfg = Release|Any CPU
		{15B547DC-7F2F-4041-AFE6-AB939A26BA43}.Release|Any CPU.Build.0 = Release|Any CPU
		{15B547DC-7F2F-4041-AFE6-AB939A26BA43}.Release|x64.ActiveCfg = Release|Any CPU
		{15B547DC-7F2F-4041-AFE6-AB939A26BA43}.Release|x64.Build.0 = Release|Any CPU
		{15B547DC-7F2F-4041-AFE6-AB939A26BA43}.Release|x86.ActiveCfg = Release|Any CPU
		{15B547DC-7F2F-4041-AFE6-AB939A26BA43}.Release|x86.Build.0 = Release|Any CPU
	EndGlobalSection
	GlobalSection(NestedProjects) = preSolution
		{984DA54F-3CFC-40A5-9438-0576A411B988} = {17E0E28E-12C0-4092-A6AA-3C7977E21495}
		{DAACA66A-9C5B-43ED-B683-76D29A5216E4} = {17E0E28E-12C0-4092-A6AA-3C7977E21495}
		{1BFDC9DB-5CE9-40D9-910E-9352E1F706AB} = {17E0E28E-12C0-4092-A6AA-3C7977E21495}
		{7BAD7181-9DE8-4734-B4C2-96DEA237A163} = {D93D911B-DCF4-44EA-B46A-53C0459D52F1}
		{665337D5-8023-4C31-B754-2F7C9C1B0A89} = {7BAD7181-9DE8-4734-B4C2-96DEA237A163}
		{A35D1AC2-1C7E-4EE2-99AB-48100834FC16} = {665337D5-8023-4C31-B754-2F7C9C1B0A89}
		{684A0900-FAA7-4855-827D-A331C4F42D78} = {665337D5-8023-4C31-B754-2F7C9C1B0A89}
		{ADC7D8B6-A0AD-4A5D-AA93-BAB00315E7A2} = {665337D5-8023-4C31-B754-2F7C9C1B0A89}
		{15B547DC-7F2F-4041-AFE6-AB939A26BA43} = {AAA9AB1F-192A-4BDB-A780-429C51ADDC65}
	EndGlobalSection
EndGlobal
